# This file is automatically @generated by Poetry 1.8.2 and should not be changed by hand.

[[package]]
name = "toolz"
version = "0.12.1"
description = "List processing tools and functional utilities"
optional = false
python-versions = ">=3.7"
files = [
    {file = "toolz-0.12.1-py3-none-any.whl", hash = "sha256:d22731364c07d72eea0a0ad45bafb2c2937ab6fd38a3507bf55eae8744aa7d85"},
    {file = "toolz-0.12.1.tar.gz", hash = "sha256:ecca342664893f177a13dac0e6b41cbd8ac25a358e5f215316d43e2100224f4d"},
]

[metadata]
lock-version = "2.0"
python-versions = "^3.11"
content-hash = "b5f42104a338f4e67a8d7eb4ff9c18427e238c4afbebae6be605e77e92adfdc3"
